{
  "name": "Tactical-Train",
  "lockfileVersion": 3,
  "requires": true,
  "packages": {
    "": {
      "dependencies": {
        "uikit": "^3.20.10"
      }
    },
    "node_modules/uikit": {
      "version": "3.20.10",
      "resolved": "https://registry.npmjs.org/uikit/-/uikit-3.20.10.tgz",
      "integrity": "sha512-V1wnsW2R1vLHVIfFlb93wdtJsG9B3fUJiUVijW1pi1vrD8Dhskcx+CknPrKmFGvKpYD2gdnVsTusR1DwwVIjIg=="
    }
  }
}
